// !$*UTF8*$!
{
	archiveVersion = 1;
	classes = {
	};
	objectVersion = 56;
	objects = {

/* Begin PBXBuildFile section */
		B39BE307298BF97700A0A009 /* AppDelegate.swift in Sources */ = {isa = PBXBuildFile; fileRef = B39BE306298BF97700A0A009 /* AppDelegate.swift */; };
		B39BE309298BF97700A0A009 /* SceneDelegate.swift in Sources */ = {isa = PBXBuildFile; fileRef = B39BE308298BF97700A0A009 /* SceneDelegate.swift */; };
		B39BE30B298BF97700A0A009 /* Main8BallVC.swift in Sources */ = {isa = PBXBuildFile; fileRef = B39BE30A298BF97700A0A009 /* Main8BallVC.swift */; };
		B39BE30E298BF97700A0A009 /* Main.storyboard in Resources */ = {isa = PBXBuildFile; fileRef = B39BE30C298BF97700A0A009 /* Main.storyboard */; };
		B39BE310298BF97800A0A009 /* Assets.xcassets in Resources */ = {isa = PBXBuildFile; fileRef = B39BE30F298BF97800A0A009 /* Assets.xcassets */; };
		B39BE313298BF97800A0A009 /* LaunchScreen.storyboard in Resources */ = {isa = PBXBuildFile; fileRef = B39BE311298BF97800A0A009 /* LaunchScreen.storyboard */; };
		B39BE31B298C3EDB00A0A009 /* EightBallImages.swift in Sources */ = {isa = PBXBuildFile; fileRef = B39BE31A298C3EDB00A0A009 /* EightBallImages.swift */; };
/* End PBXBuildFile section */

/* Begin PBXFileReference section */
		B39BE303298BF97700A0A009 /* Magic G8y Ball.app */ = {isa = PBXFileReference; explicitFileType = wrapper.application; includeInIndex = 0; path = "Magic G8y Ball.app"; sourceTree = BUILT_PRODUCTS_DIR; };
		B39BE306298BF97700A0A009 /* AppDelegate.swift */ = {isa = PBXFileReference; lastKnownFileType = sourcecode.swift; path = AppDelegate.swift; sourceTree = "<group>"; };
		B39BE308298BF97700A0A009 /* SceneDelegate.swift */ = {isa = PBXFileReference; lastKnownFileType = sourcecode.swift; path = SceneDelegate.swift; sourceTree = "<group>"; };
		B39BE30A298BF97700A0A009 /* Main8BallVC.swift */ = {isa = PBXFileReference; lastKnownFileType = sourcecode.swift; path = Main8BallVC.swift; sourceTree = "<group>"; };
		B39BE30D298BF97700A0A009 /* Base */ = {isa = PBXFileReference; lastKnownFileType = file.storyboard; name = Base; path = Base.lproj/Main.storyboard; sourceTree = "<group>"; };
		B39BE30F298BF97800A0A009 /* Assets.xcassets */ = {isa = PBXFileReference; lastKnownFileType = folder.assetcatalog; path = Assets.xcassets; sourceTree = "<group>"; };
		B39BE312298BF97800A0A009 /* Base */ = {isa = PBXFileReference; lastKnownFileType = file.storyboard; name = Base; path = Base.lproj/LaunchScreen.storyboard; sourceTree = "<group>"; };
		B39BE314298BF97800A0A009 /* Info.plist */ = {isa = PBXFileReference; lastKnownFileType = text.plist.xml; path = Info.plist; sourceTree = "<group>"; };
		B39BE31A298C3EDB00A0A009 /* EightBallImages.swift */ = {isa = PBXFileReference; lastKnownFileType = sourcecode.swift; path = EightBallImages.swift; sourceTree = "<group>"; };
/* End PBXFileReference section */

/* Begin PBXFrameworksBuildPhase section */
		B39BE300298BF97700A0A009 /* Frameworks */ = {
			isa = PBXFrameworksBuildPhase;
			buildActionMask = 2147483647;
			files = (
			);
			runOnlyForDeploymentPostprocessing = 0;
		};
/* End PBXFrameworksBuildPhase section */

/* Begin PBXGroup section */
		B39BE2FA298BF97700A0A009 = {
			isa = PBXGroup;
			children = (
				B39BE305298BF97700A0A009 /* Magic G8y Ball */,
				B39BE304298BF97700A0A009 /* Products */,
			);
			sourceTree = "<group>";
		};
		B39BE304298BF97700A0A009 /* Products */ = {
			isa = PBXGroup;
			children = (
				B39BE303298BF97700A0A009 /* Magic G8y Ball.app */,
			);
			name = Products;
			sourceTree = "<group>";
		};
		B39BE305298BF97700A0A009 /* Magic G8y Ball */ = {
			isa = PBXGroup;
			children = (
				B39BE306298BF97700A0A009 /* AppDelegate.swift */,
				B39BE308298BF97700A0A009 /* SceneDelegate.swift */,
				B39BE30A298BF97700A0A009 /* Main8BallVC.swift */,
				B39BE31A298C3EDB00A0A009 /* EightBallImages.swift */,
				B39BE30C298BF97700A0A009 /* Main.storyboard */,
				B39BE30F298BF97800A0A009 /* Assets.xcassets */,
				B39BE311298BF97800A0A009 /* LaunchScreen.storyboard */,
				B39BE314298BF97800A0A009 /* Info.plist */,
			);
			path = "Magic G8y Ball";
			sourceTree = "<group>";
		};
/* End PBXGroup section */

/* Begin PBXNativeTarget section */
		B39BE302298BF97700A0A009 /* Magic G8y Ball */ = {
			isa = PBXNativeTarget;
			buildConfigurationList = B39BE317298BF97800A0A009 /* Build configuration list for PBXNativeTarget "Magic G8y Ball" */;
			buildPhases = (
				B39BE2FF298BF97700A0A009 /* Sources */,
				B39BE300298BF97700A0A009 /* Frameworks */,
				B39BE301298BF97700A0A009 /* Resources */,
			);
			buildRules = (
			);
			dependencies = (
			);
			name = "Magic G8y Ball";
			productName = "Magic G8y Ball";
			productReference = B39BE303298BF97700A0A009 /* Magic G8y Ball.app */;
			productType = "com.apple.product-type.application";
		};
/* End PBXNativeTarget section */

/* Begin PBXProject section */
		B39BE2FB298BF97700A0A009 /* Project object */ = {
			isa = PBXProject;
			attributes = {
				BuildIndependentTargetsInParallel = 1;
				LastSwiftUpdateCheck = 1420;
				LastUpgradeCheck = 1420;
				TargetAttributes = {
					B39BE302298BF97700A0A009 = {
						CreatedOnToolsVersion = 14.2;
					};
				};
			};
			buildConfigurationList = B39BE2FE298BF97700A0A009 /* Build configuration list for PBXProject "Magic G8y Ball" */;
			compatibilityVersion = "Xcode 14.0";
			developmentRegion = en;
			hasScannedForEncodings = 0;
			knownRegions = (
				en,
				Base,
			);
			mainGroup = B39BE2FA298BF97700A0A009;
			productRefGroup = B39BE304298BF97700A0A009 /* Products */;
			projectDirPath = "";
			projectRoot = "";
			targets = (
				B39BE302298BF97700A0A009 /* Magic G8y Ball */,
			);
		};
/* End PBXProject section */

/* Begin PBXResourcesBuildPhase section */
		B39BE301298BF97700A0A009 /* Resources */ = {
			isa = PBXResourcesBuildPhase;
			buildActionMask = 2147483647;
			files = (
				B39BE313298BF97800A0A009 /* LaunchScreen.storyboard in Resources */,
				B39BE310298BF97800A0A009 /* Assets.xcassets in Resources */,
				B39BE30E298BF97700A0A009 /* Main.storyboard in Resources */,
			);
			runOnlyForDeploymentPostprocessing = 0;
		};
/* End PBXResourcesBuildPhase section */

/* Begin PBXSourcesBuildPhase section */
		B39BE2FF298BF97700A0A009 /* Sources */ = {
			isa = PBXSourcesBuildPhase;
			buildActionMask = 2147483647;
			files = (
				B39BE30B298BF97700A0A009 /* Main8BallVC.swift in Sources */,
				B39BE307298BF97700A0A009 /* AppDelegate.swift in Sources */,
				B39BE31B298C3EDB00A0A009 /* EightBallImages.swift in Sources */,
				B39BE309298BF97700A0A009 /* SceneDelegate.swift in Sources */,
			);
			runOnlyForDeploymentPostprocessing = 0;
		};
/* End PBXSourcesBuildPhase section */

/* Begin PBXVariantGroup section */
		B39BE30C298BF97700A0A009 /* Main.storyboard */ = {
			isa = PBXVariantGroup;
			children = (
				B39BE30D298BF97700A0A009 /* Base */,
			);
			name = Main.storyboard;
			sourceTree = "<group>";
		};
		B39BE311298BF97800A0A009 /* LaunchScreen.storyboard */ = {
			isa = PBXVariantGroup;
			children = (
				B39BE312298BF97800A0A009 /* Base */,
			);
			name = LaunchScreen.storyboard;
			sourceTree = "<group>";
		};
/* End PBXVariantGroup section */

/* Begin XCBuildConfiguration section */
		B39BE315298BF97800A0A009 /* Debug */ = {
			isa = XCBuildConfiguration;
			buildSettings = {
				ALWAYS_SEARCH_USER_PATHS = NO;
				CLANG_ANALYZER_NONNULL = YES;
				CLANG_ANALYZER_NUMBER_OBJECT_CONVERSION = YES_AGGRESSIVE;
				CLANG_CXX_LANGUAGE_STANDARD = "gnu++20";
				CLANG_ENABLE_MODULES = YES;
				CLANG_ENABLE_OBJC_ARC = YES;
				CLANG_ENABLE_OBJC_WEAK = YES;
				CLANG_WARN_BLOCK_CAPTURE_AUTORELEASING = YES;
				CLANG_WARN_BOOL_CONVERSION = YES;
				CLANG_WARN_COMMA = YES;
				CLANG_WARN_CONSTANT_CONVERSION = YES;
				CLANG_WARN_DEPRECATED_OBJC_IMPLEMENTATIONS = YES;
				CLANG_WARN_DIRECT_OBJC_ISA_USAGE = YES_ERROR;
				CLANG_WARN_DOCUMENTATION_COMMENTS = YES;
				CLANG_WARN_EMPTY_BODY = YES;
				CLANG_WARN_ENUM_CONVERSION = YES;
				CLANG_WARN_INFINITE_RECURSION = YES;
				CLANG_WARN_INT_CONVERSION = YES;
				CLANG_WARN_NON_LITERAL_NULL_CONVERSION = YES;
				CLANG_WARN_OBJC_IMPLICIT_RETAIN_SELF = YES;
				CLANG_WARN_OBJC_LITERAL_CONVERSION = YES;
				CLANG_WARN_OBJC_ROOT_CLASS = YES_ERROR;
				CLANG_WARN_QUOTED_INCLUDE_IN_FRAMEWORK_HEADER = YES;
				CLANG_WARN_RANGE_LOOP_ANALYSIS = YES;
				CLANG_WARN_STRICT_PROTOTYPES = YES;
				CLANG_WARN_SUSPICIOUS_MOVE = YES;
				CLANG_WARN_UNGUARDED_AVAILABILITY = YES_AGGRESSIVE;
				CLANG_WARN_UNREACHABLE_CODE = YES;
				CLANG_WARN__DUPLICATE_METHOD_MATCH = YES;
				COPY_PHASE_STRIP = NO;
				DEBUG_INFORMATION_FORMAT = dwarf;
				ENABLE_STRICT_OBJC_MSGSEND = YES;
				ENABLE_TESTABILITY = YES;
				GCC_C_LANGUAGE_STANDARD = gnu11;
				GCC_DYNAMIC_NO_PIC = NO;
				GCC_NO_COMMON_BLOCKS = YES;
				GCC_OPTIMIZATION_LEVEL = 0;
				GCC_PREPROCESSOR_DEFINITIONS = (
					"DEBUG=1",
					"$(inherited)",
				);
				GCC_WARN_64_TO_32_BIT_CONVERSION = YES;
				GCC_WARN_ABOUT_RETURN_TYPE = YES_ERROR;
				GCC_WARN_UNDECLARED_SELECTOR = YES;
				GCC_WARN_UNINITIALIZED_AUTOS = YES_AGGRESSIVE;
				GCC_WARN_UNUSED_FUNCTION = YES;
				GCC_WARN_UNUSED_VARIABLE = YES;
				IPHONEOS_DEPLOYMENT_TARGET = 16.2;
				MTL_ENABLE_DEBUG_INFO = INCLUDE_SOURCE;
				MTL_FAST_MATH = YES;
				ONLY_ACTIVE_ARCH = YES;
				SDKROOT = iphoneos;
				SWIFT_ACTIVE_COMPILATION_CONDITIONS = DEBUG;
				SWIFT_OPTIMIZATION_LEVEL = "-Onone";
			};
			name = Debug;
		};
		B39BE316298BF97800A0A009 /* Release */ = {
			isa = XCBuildConfiguration;
			buildSettings = {
				ALWAYS_SEARCH_USER_PATHS = NO;
				CLANG_ANALYZER_NONNULL = YES;
				CLANG_ANALYZER_NUMBER_OBJECT_CONVERSION = YES_AGGRESSIVE;
				CLANG_CXX_LANGUAGE_STANDARD = "gnu++20";
				CLANG_ENABLE_MODULES = YES;
				CLANG_ENABLE_OBJC_ARC = YES;
				CLANG_ENABLE_OBJC_WEAK = YES;
				CLANG_WARN_BLOCK_CAPTURE_AUTORELEASING = YES;
				CLANG_WARN_BOOL_CONVERSION = YES;
				CLANG_WARN_COMMA = YES;
				CLANG_WARN_CONSTANT_CONVERSION = YES;
				CLANG_WARN_DEPRECATED_OBJC_IMPLEMENTATIONS = YES;
				CLANG_WARN_DIRECT_OBJC_ISA_USAGE = YES_ERROR;
				CLANG_WARN_DOCUMENTATION_COMMENTS = YES;
				CLANG_WARN_EMPTY_BODY = YES;
				CLANG_WARN_ENUM_CONVERSION = YES;
				CLANG_WARN_INFINITE_RECURSION = YES;
				CLANG_WARN_INT_CONVERSION = YES;
				CLANG_WARN_NON_LITERAL_NULL_CONVERSION = YES;
				CLANG_WARN_OBJC_IMPLICIT_RETAIN_SELF = YES;
				CLANG_WARN_OBJC_LITERAL_CONVERSION = YES;
				CLANG_WARN_OBJC_ROOT_CLASS = YES_ERROR;
				CLANG_WARN_QUOTED_INCLUDE_IN_FRAMEWORK_HEADER = YES;
				CLANG_WARN_RANGE_LOOP_ANALYSIS = YES;
				CLANG_WARN_STRICT_PROTOTYPES = YES;
				CLANG_WARN_SUSPICIOUS_MOVE = YES;
				CLANG_WARN_UNGUARDED_AVAILABILITY = YES_AGGRESSIVE;
				CLANG_WARN_UNREACHABLE_CODE = YES;
				CLANG_WARN__DUPLICATE_METHOD_MATCH = YES;
				COPY_PHASE_STRIP = NO;
				DEBUG_INFORMATION_FORMAT = "dwarf-with-dsym";
				ENABLE_NS_ASSERTIONS = NO;
				ENABLE_STRICT_OBJC_MSGSEND = YES;
				GCC_C_LANGUAGE_STANDARD = gnu11;
				GCC_NO_COMMON_BLOCKS = YES;
				GCC_WARN_64_TO_32_BIT_CONVERSION = YES;
				GCC_WARN_ABOUT_RETURN_TYPE = YES_ERROR;
				GCC_WARN_UNDECLARED_SELECTOR = YES;
				GCC_WARN_UNINITIALIZED_AUTOS = YES_AGGRESSIVE;
				GCC_WARN_UNUSED_FUNCTION = YES;
				GCC_WARN_UNUSED_VARIABLE = YES;
				IPHONEOS_DEPLOYMENT_TARGET = 16.2;
				MTL_ENABLE_DEBUG_INFO = NO;
				MTL_FAST_MATH = YES;
				SDKROOT = iphoneos;
				SWIFT_COMPILATION_MODE = wholemodule;
				SWIFT_OPTIMIZATION_LEVEL = "-O";
				VALIDATE_PRODUCT = YES;
			};
			name = Release;
		};
		B39BE318298BF97800A0A009 /* Debug */ = {
			isa = XCBuildConfiguration;
			buildSettings = {
				ASSETCATALOG_COMPILER_APPICON_NAME = AppIcon;
				ASSETCATALOG_COMPILER_GLOBAL_ACCENT_COLOR_NAME = AccentColor;
				CODE_SIGN_STYLE = Automatic;
				CURRENT_PROJECT_VERSION = 1;
				DEVELOPMENT_TEAM = C5FVW88AJP;
				GENERATE_INFOPLIST_FILE = YES;
				INFOPLIST_FILE = "Magic G8y Ball/Info.plist";
				INFOPLIST_KEY_UIApplicationSupportsIndirectInputEvents = YES;
				INFOPLIST_KEY_UILaunchStoryboardName = LaunchScreen;
				INFOPLIST_KEY_UIMainStoryboardFile = Main;
				INFOPLIST_KEY_UISupportedInterfaceOrientations_iPad = "UIInterfaceOrientationPortrait UIInterfaceOrientationPortraitUpsideDown UIInterfaceOrientationLandscapeLeft UIInterfaceOrientationLandscapeRight";
				INFOPLIST_KEY_UISupportedInterfaceOrientations_iPhone = "UIInterfaceOrientationPortrait UIInterfaceOrientationLandscapeLeft UIInterfaceOrientationLandscapeRight";
				LD_RUNPATH_SEARCH_PATHS = (
					"$(inherited)",
					"@executable_path/Frameworks",
				);
				MARKETING_VERSION = 1.0;
				PRODUCT_BUNDLE_IDENTIFIER = "com.weatherscomputers.Magic-G8y-Ball";
				PRODUCT_NAME = "$(TARGET_NAME)";
				SWIFT_EMIT_LOC_STRINGS = YES;
				SWIFT_VERSION = 5.0;
				TARGETED_DEVICE_FAMILY = "1,2";
			};
			name = Debug;
		};
		B39BE319298BF97800A0A009 /* Release */ = {
			isa = XCBuildConfiguration;
			buildSettings = {
				ASSETCATALOG_COMPILER_APPICON_NAME = AppIcon;
				ASSETCATALOG_COMPILER_GLOBAL_ACCENT_COLOR_NAME = AccentColor;
				CODE_SIGN_STYLE = Automatic;
				CURRENT_PROJECT_VERSION = 1;
				DEVELOPMENT_TEAM = C5FVW88AJP;
				GENERATE_INFOPLIST_FILE = YES;
				INFOPLIST_FILE = "Magic G8y Ball/Info.plist";
				INFOPLIST_KEY_UIApplicationSupportsIndirectInputEvents = YES;
				INFOPLIST_KEY_UILaunchStoryboardName = LaunchScreen;
				INFOPLIST_KEY_UIMainStoryboardFile = Main;
				INFOPLIST_KEY_UISupportedInterfaceOrientations_iPad = "UIInterfaceOrientationPortrait UIInterfaceOrientationPortraitUpsideDown UIInterfaceOrientationLandscapeLeft UIInterfaceOrientationLandscapeRight";
				INFOPLIST_KEY_UISupportedInterfaceOrientations_iPhone = "UIInterfaceOrientationPortrait UIInterfaceOrientationLandscapeLeft UIInterfaceOrientationLandscapeRight";
				LD_RUNPATH_SEARCH_PATHS = (
					"$(inherited)",
					"@executable_path/Frameworks",
				);
				MARKETING_VERSION = 1.0;
				PRODUCT_BUNDLE_IDENTIFIER = "com.weatherscomputers.Magic-G8y-Ball";
				PRODUCT_NAME = "$(TARGET_NAME)";
				SWIFT_EMIT_LOC_STRINGS = YES;
				SWIFT_VERSION = 5.0;
				TARGETED_DEVICE_FAMILY = "1,2";
			};
			name = Release;
		};
/* End XCBuildConfiguration section */

/* Begin XCConfigurationList section */
		B39BE2FE298BF97700A0A009 /* Build configuration list for PBXProject "Magic G8y Ball" */ = {
			isa = XCConfigurationList;
			buildConfigurations = (
				B39BE315298BF97800A0A009 /* Debug */,
				B39BE316298BF97800A0A009 /* Release */,
			);
			defaultConfigurationIsVisible = 0;
			defaultConfigurationName = Release;
		};
		B39BE317298BF97800A0A009 /* Build configuration list for PBXNativeTarget "Magic G8y Ball" */ = {
			isa = XCConfigurationList;
			buildConfigurations = (
				B39BE318298BF97800A0A009 /* Debug */,
				B39BE319298BF97800A0A009 /* Release */,
			);
			defaultConfigurationIsVisible = 0;
			defaultConfigurationName = Release;
		};
/* End XCConfigurationList section */
	};
	rootObject = B39BE2FB298BF97700A0A009 /* Project object */;
}
